// !$*UTF8*$!
{
	archiveVersion = 1;
	classes = {
	};
	objectVersion = 56;
	objects = {

/* Begin PBXBuildFile section */
		E1DAAA82298BEA5900FFE1A7 /* FlickrApp.swift in Sources */ = {isa = PBXBuildFile; fileRef = E1DAAA81298BEA5900FFE1A7 /* FlickrApp.swift */; };
		E1DAAA84298BEA5900FFE1A7 /* ContentView.swift in Sources */ = {isa = PBXBuildFile; fileRef = E1DAAA83298BEA5900FFE1A7 /* ContentView.swift */; };
		E1DAAA86298BEA5A00FFE1A7 /* Assets.xcassets in Resources */ = {isa = PBXBuildFile; fileRef = E1DAAA85298BEA5A00FFE1A7 /* Assets.xcassets */; };
		E1DAAA89298BEA5A00FFE1A7 /* Preview Assets.xcassets in Resources */ = {isa = PBXBuildFile; fileRef = E1DAAA88298BEA5A00FFE1A7 /* Preview Assets.xcassets */; };
		E1DAAA93298BEA5A00FFE1A7 /* FlickrTests.swift in Sources */ = {isa = PBXBuildFile; fileRef = E1DAAA92298BEA5A00FFE1A7 /* FlickrTests.swift */; };
		E1DAAA9D298BEA5A00FFE1A7 /* FlickrUITests.swift in Sources */ = {isa = PBXBuildFile; fileRef = E1DAAA9C298BEA5A00FFE1A7 /* FlickrUITests.swift */; };
		E1DAAA9F298BEA5A00FFE1A7 /* FlickrUITestsLaunchTests.swift in Sources */ = {isa = PBXBuildFile; fileRef = E1DAAA9E298BEA5A00FFE1A7 /* FlickrUITestsLaunchTests.swift */; };
		E1DAAAB5298BFB1600FFE1A7 /* NetworkHandler.swift in Sources */ = {isa = PBXBuildFile; fileRef = E1DAAAB4298BFB1600FFE1A7 /* NetworkHandler.swift */; };
		E1DAAAB7298BFF5100FFE1A7 /* APIHandlerProtocol.swift in Sources */ = {isa = PBXBuildFile; fileRef = E1DAAAB6298BFF5100FFE1A7 /* APIHandlerProtocol.swift */; };
		E1DAAAB9298BFF5F00FFE1A7 /* ImagesAPIHandler.swift in Sources */ = {isa = PBXBuildFile; fileRef = E1DAAAB8298BFF5F00FFE1A7 /* ImagesAPIHandler.swift */; };
/* End PBXBuildFile section */

/* Begin PBXContainerItemProxy section */
		E1DAAA8F298BEA5A00FFE1A7 /* PBXContainerItemProxy */ = {
			isa = PBXContainerItemProxy;
			containerPortal = E1DAAA76298BEA5900FFE1A7 /* Project object */;
			proxyType = 1;
			remoteGlobalIDString = E1DAAA7D298BEA5900FFE1A7;
			remoteInfo = Flickr;
		};
		E1DAAA99298BEA5A00FFE1A7 /* PBXContainerItemProxy */ = {
			isa = PBXContainerItemProxy;
			containerPortal = E1DAAA76298BEA5900FFE1A7 /* Project object */;
			proxyType = 1;
			remoteGlobalIDString = E1DAAA7D298BEA5900FFE1A7;
			remoteInfo = Flickr;
		};
/* End PBXContainerItemProxy section */

/* Begin PBXFileReference section */
		E1DAAA7E298BEA5900FFE1A7 /* Flickr.app */ = {isa = PBXFileReference; explicitFileType = wrapper.application; includeInIndex = 0; path = Flickr.app; sourceTree = BUILT_PRODUCTS_DIR; };
		E1DAAA81298BEA5900FFE1A7 /* FlickrApp.swift */ = {isa = PBXFileReference; lastKnownFileType = sourcecode.swift; path = FlickrApp.swift; sourceTree = "<group>"; };
		E1DAAA83298BEA5900FFE1A7 /* ContentView.swift */ = {isa = PBXFileReference; lastKnownFileType = sourcecode.swift; path = ContentView.swift; sourceTree = "<group>"; };
		E1DAAA85298BEA5A00FFE1A7 /* Assets.xcassets */ = {isa = PBXFileReference; lastKnownFileType = folder.assetcatalog; path = Assets.xcassets; sourceTree = "<group>"; };
		E1DAAA88298BEA5A00FFE1A7 /* Preview Assets.xcassets */ = {isa = PBXFileReference; lastKnownFileType = folder.assetcatalog; path = "Preview Assets.xcassets"; sourceTree = "<group>"; };
		E1DAAA8E298BEA5A00FFE1A7 /* FlickrTests.xctest */ = {isa = PBXFileReference; explicitFileType = wrapper.cfbundle; includeInIndex = 0; path = FlickrTests.xctest; sourceTree = BUILT_PRODUCTS_DIR; };
		E1DAAA92298BEA5A00FFE1A7 /* FlickrTests.swift */ = {isa = PBXFileReference; lastKnownFileType = sourcecode.swift; path = FlickrTests.swift; sourceTree = "<group>"; };
		E1DAAA98298BEA5A00FFE1A7 /* FlickrUITests.xctest */ = {isa = PBXFileReference; explicitFileType = wrapper.cfbundle; includeInIndex = 0; path = FlickrUITests.xctest; sourceTree = BUILT_PRODUCTS_DIR; };
		E1DAAA9C298BEA5A00FFE1A7 /* FlickrUITests.swift */ = {isa = PBXFileReference; lastKnownFileType = sourcecode.swift; path = FlickrUITests.swift; sourceTree = "<group>"; };
		E1DAAA9E298BEA5A00FFE1A7 /* FlickrUITestsLaunchTests.swift */ = {isa = PBXFileReference; lastKnownFileType = sourcecode.swift; path = FlickrUITestsLaunchTests.swift; sourceTree = "<group>"; };
		E1DAAAB4298BFB1600FFE1A7 /* NetworkHandler.swift */ = {isa = PBXFileReference; lastKnownFileType = sourcecode.swift; path = NetworkHandler.swift; sourceTree = "<group>"; };
		E1DAAAB6298BFF5100FFE1A7 /* APIHandlerProtocol.swift */ = {isa = PBXFileReference; lastKnownFileType = sourcecode.swift; path = APIHandlerProtocol.swift; sourceTree = "<group>"; };
		E1DAAAB8298BFF5F00FFE1A7 /* ImagesAPIHandler.swift */ = {isa = PBXFileReference; lastKnownFileType = sourcecode.swift; path = ImagesAPIHandler.swift; sourceTree = "<group>"; };
/* End PBXFileReference section */

/* Begin PBXFrameworksBuildPhase section */
		E1DAAA7B298BEA5900FFE1A7 /* Frameworks */ = {
			isa = PBXFrameworksBuildPhase;
			buildActionMask = 2147483647;
			files = (
			);
			runOnlyForDeploymentPostprocessing = 0;
		};
		E1DAAA8B298BEA5A00FFE1A7 /* Frameworks */ = {
			isa = PBXFrameworksBuildPhase;
			buildActionMask = 2147483647;
			files = (
			);
			runOnlyForDeploymentPostprocessing = 0;
		};
		E1DAAA95298BEA5A00FFE1A7 /* Frameworks */ = {
			isa = PBXFrameworksBuildPhase;
			buildActionMask = 2147483647;
			files = (
			);
			runOnlyForDeploymentPostprocessing = 0;
		};
/* End PBXFrameworksBuildPhase section */

/* Begin PBXGroup section */
		E1DAAA75298BEA5900FFE1A7 = {
			isa = PBXGroup;
			children = (
				E1DAAA80298BEA5900FFE1A7 /* Flickr */,
				E1DAAA91298BEA5A00FFE1A7 /* FlickrTests */,
				E1DAAA9B298BEA5A00FFE1A7 /* FlickrUITests */,
				E1DAAA7F298BEA5900FFE1A7 /* Products */,
			);
			sourceTree = "<group>";
		};
		E1DAAA7F298BEA5900FFE1A7 /* Products */ = {
			isa = PBXGroup;
			children = (
				E1DAAA7E298BEA5900FFE1A7 /* Flickr.app */,
				E1DAAA8E298BEA5A00FFE1A7 /* FlickrTests.xctest */,
				E1DAAA98298BEA5A00FFE1A7 /* FlickrUITests.xctest */,
			);
			name = Products;
			sourceTree = "<group>";
		};
		E1DAAA80298BEA5900FFE1A7 /* Flickr */ = {
			isa = PBXGroup;
			children = (
				E1DAAAAF298BFA2E00FFE1A7 /* Resources */,
				E1DAAAAB298BF9F800FFE1A7 /* Core */,
				E1DAAAAC298BFA0900FFE1A7 /* Modules */,
				E1DAAA81298BEA5900FFE1A7 /* FlickrApp.swift */,
				E1DAAA83298BEA5900FFE1A7 /* ContentView.swift */,
				E1DAAA87298BEA5A00FFE1A7 /* Preview Content */,
			);
			path = Flickr;
			sourceTree = "<group>";
		};
		E1DAAA87298BEA5A00FFE1A7 /* Preview Content */ = {
			isa = PBXGroup;
			children = (
				E1DAAA88298BEA5A00FFE1A7 /* Preview Assets.xcassets */,
			);
			path = "Preview Content";
			sourceTree = "<group>";
		};
		E1DAAA91298BEA5A00FFE1A7 /* FlickrTests */ = {
			isa = PBXGroup;
			children = (
				E1DAAA92298BEA5A00FFE1A7 /* FlickrTests.swift */,
			);
			path = FlickrTests;
			sourceTree = "<group>";
		};
		E1DAAA9B298BEA5A00FFE1A7 /* FlickrUITests */ = {
			isa = PBXGroup;
			children = (
				E1DAAA9C298BEA5A00FFE1A7 /* FlickrUITests.swift */,
				E1DAAA9E298BEA5A00FFE1A7 /* FlickrUITestsLaunchTests.swift */,
			);
			path = FlickrUITests;
			sourceTree = "<group>";
		};
		E1DAAAAB298BF9F800FFE1A7 /* Core */ = {
			isa = PBXGroup;
			children = (
				E1DAAAB3298BFA8100FFE1A7 /* Models */,
				E1DAAAB2298BFA4D00FFE1A7 /* ImagesAPIHandler */,
				E1DAAAB0298BFA3F00FFE1A7 /* Network */,
			);
			path = Core;
			sourceTree = "<group>";
		};
		E1DAAAAC298BFA0900FFE1A7 /* Modules */ = {
			isa = PBXGroup;
			children = (
				E1DAAAAE298BFA2400FFE1A7 /* ImagesDetails */,
				E1DAAAAD298BFA1B00FFE1A7 /* ImagesList */,
			);
			path = Modules;
			sourceTree = "<group>";
		};
		E1DAAAAD298BFA1B00FFE1A7 /* ImagesList */ = {
			isa = PBXGroup;
			children = (
			);
			path = ImagesList;
			sourceTree = "<group>";
		};
		E1DAAAAE298BFA2400FFE1A7 /* ImagesDetails */ = {
			isa = PBXGroup;
			children = (
			);
			path = ImagesDetails;
			sourceTree = "<group>";
		};
		E1DAAAAF298BFA2E00FFE1A7 /* Resources */ = {
			isa = PBXGroup;
			children = (
				E1DAAA85298BEA5A00FFE1A7 /* Assets.xcassets */,
			);
			path = Resources;
			sourceTree = "<group>";
		};
		E1DAAAB0298BFA3F00FFE1A7 /* Network */ = {
			isa = PBXGroup;
			children = (
				E1DAAAB4298BFB1600FFE1A7 /* NetworkHandler.swift */,
			);
			path = Network;
			sourceTree = "<group>";
		};
		E1DAAAB2298BFA4D00FFE1A7 /* ImagesAPIHandler */ = {
			isa = PBXGroup;
			children = (
				E1DAAAB6298BFF5100FFE1A7 /* APIHandlerProtocol.swift */,
				E1DAAAB8298BFF5F00FFE1A7 /* ImagesAPIHandler.swift */,
			);
			path = ImagesAPIHandler;
			sourceTree = "<group>";
		};
		E1DAAAB3298BFA8100FFE1A7 /* Models */ = {
			isa = PBXGroup;
			children = (
			);
			path = Models;
			sourceTree = "<group>";
		};
/* End PBXGroup section */

/* Begin PBXNativeTarget section */
		E1DAAA7D298BEA5900FFE1A7 /* Flickr */ = {
			isa = PBXNativeTarget;
			buildConfigurationList = E1DAAAA2298BEA5A00FFE1A7 /* Build configuration list for PBXNativeTarget "Flickr" */;
			buildPhases = (
				E1DAAA7A298BEA5900FFE1A7 /* Sources */,
				E1DAAA7B298BEA5900FFE1A7 /* Frameworks */,
				E1DAAA7C298BEA5900FFE1A7 /* Resources */,
			);
			buildRules = (
			);
			dependencies = (
			);
			name = Flickr;
			productName = Flickr;
			productReference = E1DAAA7E298BEA5900FFE1A7 /* Flickr.app */;
			productType = "com.apple.product-type.application";
		};
		E1DAAA8D298BEA5A00FFE1A7 /* FlickrTests */ = {
			isa = PBXNativeTarget;
			buildConfigurationList = E1DAAAA5298BEA5A00FFE1A7 /* Build configuration list for PBXNativeTarget "FlickrTests" */;
			buildPhases = (
				E1DAAA8A298BEA5A00FFE1A7 /* Sources */,
				E1DAAA8B298BEA5A00FFE1A7 /* Frameworks */,
				E1DAAA8C298BEA5A00FFE1A7 /* Resources */,
			);
			buildRules = (
			);
			dependencies = (
				E1DAAA90298BEA5A00FFE1A7 /* PBXTargetDependency */,
			);
			name = FlickrTests;
			productName = FlickrTests;
			productReference = E1DAAA8E298BEA5A00FFE1A7 /* FlickrTests.xctest */;
			productType = "com.apple.product-type.bundle.unit-test";
		};
		E1DAAA97298BEA5A00FFE1A7 /* FlickrUITests */ = {
			isa = PBXNativeTarget;
			buildConfigurationList = E1DAAAA8298BEA5A00FFE1A7 /* Build configuration list for PBXNativeTarget "FlickrUITests" */;
			buildPhases = (
				E1DAAA94298BEA5A00FFE1A7 /* Sources */,
				E1DAAA95298BEA5A00FFE1A7 /* Frameworks */,
				E1DAAA96298BEA5A00FFE1A7 /* Resources */,
			);
			buildRules = (
			);
			dependencies = (
				E1DAAA9A298BEA5A00FFE1A7 /* PBXTargetDependency */,
			);
			name = FlickrUITests;
			productName = FlickrUITests;
			productReference = E1DAAA98298BEA5A00FFE1A7 /* FlickrUITests.xctest */;
			productType = "com.apple.product-type.bundle.ui-testing";
		};
/* End PBXNativeTarget section */

/* Begin PBXProject section */
		E1DAAA76298BEA5900FFE1A7 /* Project object */ = {
			isa = PBXProject;
			attributes = {
				BuildIndependentTargetsInParallel = 1;
				LastSwiftUpdateCheck = 1420;
				LastUpgradeCheck = 1420;
				TargetAttributes = {
					E1DAAA7D298BEA5900FFE1A7 = {
						CreatedOnToolsVersion = 14.2;
					};
					E1DAAA8D298BEA5A00FFE1A7 = {
						CreatedOnToolsVersion = 14.2;
						TestTargetID = E1DAAA7D298BEA5900FFE1A7;
					};
					E1DAAA97298BEA5A00FFE1A7 = {
						CreatedOnToolsVersion = 14.2;
						TestTargetID = E1DAAA7D298BEA5900FFE1A7;
					};
				};
			};
			buildConfigurationList = E1DAAA79298BEA5900FFE1A7 /* Build configuration list for PBXProject "Flickr" */;
			compatibilityVersion = "Xcode 14.0";
			developmentRegion = en;
			hasScannedForEncodings = 0;
			knownRegions = (
				en,
				Base,
			);
			mainGroup = E1DAAA75298BEA5900FFE1A7;
			productRefGroup = E1DAAA7F298BEA5900FFE1A7 /* Products */;
			projectDirPath = "";
			projectRoot = "";
			targets = (
				E1DAAA7D298BEA5900FFE1A7 /* Flickr */,
				E1DAAA8D298BEA5A00FFE1A7 /* FlickrTests */,
				E1DAAA97298BEA5A00FFE1A7 /* FlickrUITests */,
			);
		};
/* End PBXProject section */

/* Begin PBXResourcesBuildPhase section */
		E1DAAA7C298BEA5900FFE1A7 /* Resources */ = {
			isa = PBXResourcesBuildPhase;
			buildActionMask = 2147483647;
			files = (
				E1DAAA89298BEA5A00FFE1A7 /* Preview Assets.xcassets in Resources */,
				E1DAAA86298BEA5A00FFE1A7 /* Assets.xcassets in Resources */,
			);
			runOnlyForDeploymentPostprocessing = 0;
		};
		E1DAAA8C298BEA5A00FFE1A7 /* Resources */ = {
			isa = PBXResourcesBuildPhase;
			buildActionMask = 2147483647;
			files = (
			);
			runOnlyForDeploymentPostprocessing = 0;
		};
		E1DAAA96298BEA5A00FFE1A7 /* Resources */ = {
			isa = PBXResourcesBuildPhase;
			buildActionMask = 2147483647;
			files = (
			);
			runOnlyForDeploymentPostprocessing = 0;
		};
/* End PBXResourcesBuildPhase section */

/* Begin PBXSourcesBuildPhase section */
		E1DAAA7A298BEA5900FFE1A7 /* Sources */ = {
			isa = PBXSourcesBuildPhase;
			buildActionMask = 2147483647;
			files = (
				E1DAAA84298BEA5900FFE1A7 /* ContentView.swift in Sources */,
				E1DAAAB7298BFF5100FFE1A7 /* APIHandlerProtocol.swift in Sources */,
				E1DAAA82298BEA5900FFE1A7 /* FlickrApp.swift in Sources */,
				E1DAAAB9298BFF5F00FFE1A7 /* ImagesAPIHandler.swift in Sources */,
				E1DAAAB5298BFB1600FFE1A7 /* NetworkHandler.swift in Sources */,
			);
			runOnlyForDeploymentPostprocessing = 0;
		};
		E1DAAA8A298BEA5A00FFE1A7 /* Sources */ = {
			isa = PBXSourcesBuildPhase;
			buildActionMask = 2147483647;
			files = (
				E1DAAA93298BEA5A00FFE1A7 /* FlickrTests.swift in Sources */,
			);
			runOnlyForDeploymentPostprocessing = 0;
		};
		E1DAAA94298BEA5A00FFE1A7 /* Sources */ = {
			isa = PBXSourcesBuildPhase;
			buildActionMask = 2147483647;
			files = (
				E1DAAA9D298BEA5A00FFE1A7 /* FlickrUITests.swift in Sources */,
				E1DAAA9F298BEA5A00FFE1A7 /* FlickrUITestsLaunchTests.swift in Sources */,
			);
			runOnlyForDeploymentPostprocessing = 0;
		};
/* End PBXSourcesBuildPhase section */

/* Begin PBXTargetDependency section */
		E1DAAA90298BEA5A00FFE1A7 /* PBXTargetDependency */ = {
			isa = PBXTargetDependency;
			target = E1DAAA7D298BEA5900FFE1A7 /* Flickr */;
			targetProxy = E1DAAA8F298BEA5A00FFE1A7 /* PBXContainerItemProxy */;
		};
		E1DAAA9A298BEA5A00FFE1A7 /* PBXTargetDependency */ = {
			isa = PBXTargetDependency;
			target = E1DAAA7D298BEA5900FFE1A7 /* Flickr */;
			targetProxy = E1DAAA99298BEA5A00FFE1A7 /* PBXContainerItemProxy */;
		};
/* End PBXTargetDependency section */

/* Begin XCBuildConfiguration section */
		E1DAAAA0298BEA5A00FFE1A7 /* Debug */ = {
			isa = XCBuildConfiguration;
			buildSettings = {
				ALWAYS_SEARCH_USER_PATHS = NO;
				CLANG_ANALYZER_NONNULL = YES;
				CLANG_ANALYZER_NUMBER_OBJECT_CONVERSION = YES_AGGRESSIVE;
				CLANG_CXX_LANGUAGE_STANDARD = "gnu++20";
				CLANG_ENABLE_MODULES = YES;
				CLANG_ENABLE_OBJC_ARC = YES;
				CLANG_ENABLE_OBJC_WEAK = YES;
				CLANG_WARN_BLOCK_CAPTURE_AUTORELEASING = YES;
				CLANG_WARN_BOOL_CONVERSION = YES;
				CLANG_WARN_COMMA = YES;
				CLANG_WARN_CONSTANT_CONVERSION = YES;
				CLANG_WARN_DEPRECATED_OBJC_IMPLEMENTATIONS = YES;
				CLANG_WARN_DIRECT_OBJC_ISA_USAGE = YES_ERROR;
				CLANG_WARN_DOCUMENTATION_COMMENTS = YES;
				CLANG_WARN_EMPTY_BODY = YES;
				CLANG_WARN_ENUM_CONVERSION = YES;
				CLANG_WARN_INFINITE_RECURSION = YES;
				CLANG_WARN_INT_CONVERSION = YES;
				CLANG_WARN_NON_LITERAL_NULL_CONVERSION = YES;
				CLANG_WARN_OBJC_IMPLICIT_RETAIN_SELF = YES;
				CLANG_WARN_OBJC_LITERAL_CONVERSION = YES;
				CLANG_WARN_OBJC_ROOT_CLASS = YES_ERROR;
				CLANG_WARN_QUOTED_INCLUDE_IN_FRAMEWORK_HEADER = YES;
				CLANG_WARN_RANGE_LOOP_ANALYSIS = YES;
				CLANG_WARN_STRICT_PROTOTYPES = YES;
				CLANG_WARN_SUSPICIOUS_MOVE = YES;
				CLANG_WARN_UNGUARDED_AVAILABILITY = YES_AGGRESSIVE;
				CLANG_WARN_UNREACHABLE_CODE = YES;
				CLANG_WARN__DUPLICATE_METHOD_MATCH = YES;
				COPY_PHASE_STRIP = NO;
				DEBUG_INFORMATION_FORMAT = dwarf;
				ENABLE_STRICT_OBJC_MSGSEND = YES;
				ENABLE_TESTABILITY = YES;
				GCC_C_LANGUAGE_STANDARD = gnu11;
				GCC_DYNAMIC_NO_PIC = NO;
				GCC_NO_COMMON_BLOCKS = YES;
				GCC_OPTIMIZATION_LEVEL = 0;
				GCC_PREPROCESSOR_DEFINITIONS = (
					"DEBUG=1",
					"$(inherited)",
				);
				GCC_WARN_64_TO_32_BIT_CONVERSION = YES;
				GCC_WARN_ABOUT_RETURN_TYPE = YES_ERROR;
				GCC_WARN_UNDECLARED_SELECTOR = YES;
				GCC_WARN_UNINITIALIZED_AUTOS = YES_AGGRESSIVE;
				GCC_WARN_UNUSED_FUNCTION = YES;
				GCC_WARN_UNUSED_VARIABLE = YES;
				IPHONEOS_DEPLOYMENT_TARGET = 16.2;
				MTL_ENABLE_DEBUG_INFO = INCLUDE_SOURCE;
				MTL_FAST_MATH = YES;
				ONLY_ACTIVE_ARCH = YES;
				SDKROOT = iphoneos;
				SWIFT_ACTIVE_COMPILATION_CONDITIONS = DEBUG;
				SWIFT_OPTIMIZATION_LEVEL = "-Onone";
			};
			name = Debug;
		};
		E1DAAAA1298BEA5A00FFE1A7 /* Release */ = {
			isa = XCBuildConfiguration;
			buildSettings = {
				ALWAYS_SEARCH_USER_PATHS = NO;
				CLANG_ANALYZER_NONNULL = YES;
				CLANG_ANALYZER_NUMBER_OBJECT_CONVERSION = YES_AGGRESSIVE;
				CLANG_CXX_LANGUAGE_STANDARD = "gnu++20";
				CLANG_ENABLE_MODULES = YES;
				CLANG_ENABLE_OBJC_ARC = YES;
				CLANG_ENABLE_OBJC_WEAK = YES;
				CLANG_WARN_BLOCK_CAPTURE_AUTORELEASING = YES;
				CLANG_WARN_BOOL_CONVERSION = YES;
				CLANG_WARN_COMMA = YES;
				CLANG_WARN_CONSTANT_CONVERSION = YES;
				CLANG_WARN_DEPRECATED_OBJC_IMPLEMENTATIONS = YES;
				CLANG_WARN_DIRECT_OBJC_ISA_USAGE = YES_ERROR;
				CLANG_WARN_DOCUMENTATION_COMMENTS = YES;
				CLANG_WARN_EMPTY_BODY = YES;
				CLANG_WARN_ENUM_CONVERSION = YES;
				CLANG_WARN_INFINITE_RECURSION = YES;
				CLANG_WARN_INT_CONVERSION = YES;
				CLANG_WARN_NON_LITERAL_NULL_CONVERSION = YES;
				CLANG_WARN_OBJC_IMPLICIT_RETAIN_SELF = YES;
				CLANG_WARN_OBJC_LITERAL_CONVERSION = YES;
				CLANG_WARN_OBJC_ROOT_CLASS = YES_ERROR;
				CLANG_WARN_QUOTED_INCLUDE_IN_FRAMEWORK_HEADER = YES;
				CLANG_WARN_RANGE_LOOP_ANALYSIS = YES;
				CLANG_WARN_STRICT_PROTOTYPES = YES;
				CLANG_WARN_SUSPICIOUS_MOVE = YES;
				CLANG_WARN_UNGUARDED_AVAILABILITY = YES_AGGRESSIVE;
				CLANG_WARN_UNREACHABLE_CODE = YES;
				CLANG_WARN__DUPLICATE_METHOD_MATCH = YES;
				COPY_PHASE_STRIP = NO;
				DEBUG_INFORMATION_FORMAT = "dwarf-with-dsym";
				ENABLE_NS_ASSERTIONS = NO;
				ENABLE_STRICT_OBJC_MSGSEND = YES;
				GCC_C_LANGUAGE_STANDARD = gnu11;
				GCC_NO_COMMON_BLOCKS = YES;
				GCC_WARN_64_TO_32_BIT_CONVERSION = YES;
				GCC_WARN_ABOUT_RETURN_TYPE = YES_ERROR;
				GCC_WARN_UNDECLARED_SELECTOR = YES;
				GCC_WARN_UNINITIALIZED_AUTOS = YES_AGGRESSIVE;
				GCC_WARN_UNUSED_FUNCTION = YES;
				GCC_WARN_UNUSED_VARIABLE = YES;
				IPHONEOS_DEPLOYMENT_TARGET = 16.2;
				MTL_ENABLE_DEBUG_INFO = NO;
				MTL_FAST_MATH = YES;
				SDKROOT = iphoneos;
				SWIFT_COMPILATION_MODE = wholemodule;
				SWIFT_OPTIMIZATION_LEVEL = "-O";
				VALIDATE_PRODUCT = YES;
			};
			name = Release;
		};
		E1DAAAA3298BEA5A00FFE1A7 /* Debug */ = {
			isa = XCBuildConfiguration;
			buildSettings = {
				ASSETCATALOG_COMPILER_APPICON_NAME = AppIcon;
				ASSETCATALOG_COMPILER_GLOBAL_ACCENT_COLOR_NAME = AccentColor;
				CODE_SIGN_STYLE = Manual;
				CURRENT_PROJECT_VERSION = 1;
				DEVELOPMENT_ASSET_PATHS = "\"Flickr/Preview Content\"";
				DEVELOPMENT_TEAM = "";
				ENABLE_PREVIEWS = YES;
				GENERATE_INFOPLIST_FILE = YES;
				INFOPLIST_KEY_UIApplicationSceneManifest_Generation = YES;
				INFOPLIST_KEY_UIApplicationSupportsIndirectInputEvents = YES;
				INFOPLIST_KEY_UILaunchScreen_Generation = YES;
				INFOPLIST_KEY_UISupportedInterfaceOrientations_iPad = "UIInterfaceOrientationPortrait UIInterfaceOrientationPortraitUpsideDown UIInterfaceOrientationLandscapeLeft UIInterfaceOrientationLandscapeRight";
				INFOPLIST_KEY_UISupportedInterfaceOrientations_iPhone = "UIInterfaceOrientationPortrait UIInterfaceOrientationLandscapeLeft UIInterfaceOrientationLandscapeRight";
				LD_RUNPATH_SEARCH_PATHS = (
					"$(inherited)",
					"@executable_path/Frameworks",
				);
				MARKETING_VERSION = 1.0;
				PRODUCT_BUNDLE_IDENTIFIER = com.flickr.Flickr;
				PRODUCT_NAME = "$(TARGET_NAME)";
				PROVISIONING_PROFILE_SPECIFIER = "";
				SWIFT_EMIT_LOC_STRINGS = YES;
				SWIFT_VERSION = 5.0;
				TARGETED_DEVICE_FAMILY = "1,2";
			};
			name = Debug;
		};
		E1DAAAA4298BEA5A00FFE1A7 /* Release */ = {
			isa = XCBuildConfiguration;
			buildSettings = {
				ASSETCATALOG_COMPILER_APPICON_NAME = AppIcon;
				ASSETCATALOG_COMPILER_GLOBAL_ACCENT_COLOR_NAME = AccentColor;
				CODE_SIGN_STYLE = Manual;
				CURRENT_PROJECT_VERSION = 1;
				DEVELOPMENT_ASSET_PATHS = "\"Flickr/Preview Content\"";
				DEVELOPMENT_TEAM = "";
				ENABLE_PREVIEWS = YES;
				GENERATE_INFOPLIST_FILE = YES;
				INFOPLIST_KEY_UIApplicationSceneManifest_Generation = YES;
				INFOPLIST_KEY_UIApplicationSupportsIndirectInputEvents = YES;
				INFOPLIST_KEY_UILaunchScreen_Generation = YES;
				INFOPLIST_KEY_UISupportedInterfaceOrientations_iPad = "UIInterfaceOrientationPortrait UIInterfaceOrientationPortraitUpsideDown UIInterfaceOrientationLandscapeLeft UIInterfaceOrientationLandscapeRight";
				INFOPLIST_KEY_UISupportedInterfaceOrientations_iPhone = "UIInterfaceOrientationPortrait UIInterfaceOrientationLandscapeLeft UIInterfaceOrientationLandscapeRight";
				LD_RUNPATH_SEARCH_PATHS = (
					"$(inherited)",
					"@executable_path/Frameworks",
				);
				MARKETING_VERSION = 1.0;
				PRODUCT_BUNDLE_IDENTIFIER = com.flickr.Flickr;
				PRODUCT_NAME = "$(TARGET_NAME)";
				PROVISIONING_PROFILE_SPECIFIER = "";
				SWIFT_EMIT_LOC_STRINGS = YES;
				SWIFT_VERSION = 5.0;
				TARGETED_DEVICE_FAMILY = "1,2";
			};
			name = Release;
		};
		E1DAAAA6298BEA5A00FFE1A7 /* Debug */ = {
			isa = XCBuildConfiguration;
			buildSettings = {
				ALWAYS_EMBED_SWIFT_STANDARD_LIBRARIES = YES;
				BUNDLE_LOADER = "$(TEST_HOST)";
				CODE_SIGN_STYLE = Automatic;
				CURRENT_PROJECT_VERSION = 1;
				DEVELOPMENT_TEAM = NB63UZX4SA;
				GENERATE_INFOPLIST_FILE = YES;
				IPHONEOS_DEPLOYMENT_TARGET = 16.2;
				MARKETING_VERSION = 1.0;
				PRODUCT_BUNDLE_IDENTIFIER = com.flickr.FlickrTests;
				PRODUCT_NAME = "$(TARGET_NAME)";
				SWIFT_EMIT_LOC_STRINGS = NO;
				SWIFT_VERSION = 5.0;
				TARGETED_DEVICE_FAMILY = "1,2";
				TEST_HOST = "$(BUILT_PRODUCTS_DIR)/Flickr.app/$(BUNDLE_EXECUTABLE_FOLDER_PATH)/Flickr";
			};
			name = Debug;
		};
		E1DAAAA7298BEA5A00FFE1A7 /* Release */ = {
			isa = XCBuildConfiguration;
			buildSettings = {
				ALWAYS_EMBED_SWIFT_STANDARD_LIBRARIES = YES;
				BUNDLE_LOADER = "$(TEST_HOST)";
				CODE_SIGN_STYLE = Automatic;
				CURRENT_PROJECT_VERSION = 1;
				DEVELOPMENT_TEAM = NB63UZX4SA;
				GENERATE_INFOPLIST_FILE = YES;
				IPHONEOS_DEPLOYMENT_TARGET = 16.2;
				MARKETING_VERSION = 1.0;
				PRODUCT_BUNDLE_IDENTIFIER = com.flickr.FlickrTests;
				PRODUCT_NAME = "$(TARGET_NAME)";
				SWIFT_EMIT_LOC_STRINGS = NO;
				SWIFT_VERSION = 5.0;
				TARGETED_DEVICE_FAMILY = "1,2";
				TEST_HOST = "$(BUILT_PRODUCTS_DIR)/Flickr.app/$(BUNDLE_EXECUTABLE_FOLDER_PATH)/Flickr";
			};
			name = Release;
		};
		E1DAAAA9298BEA5A00FFE1A7 /* Debug */ = {
			isa = XCBuildConfiguration;
			buildSettings = {
				ALWAYS_EMBED_SWIFT_STANDARD_LIBRARIES = YES;
				CODE_SIGN_STYLE = Automatic;
				CURRENT_PROJECT_VERSION = 1;
				DEVELOPMENT_TEAM = NB63UZX4SA;
				GENERATE_INFOPLIST_FILE = YES;
				MARKETING_VERSION = 1.0;
				PRODUCT_BUNDLE_IDENTIFIER = com.flickr.FlickrUITests;
				PRODUCT_NAME = "$(TARGET_NAME)";
				SWIFT_EMIT_LOC_STRINGS = NO;
				SWIFT_VERSION = 5.0;
				TARGETED_DEVICE_FAMILY = "1,2";
				TEST_TARGET_NAME = Flickr;
			};
			name = Debug;
		};
		E1DAAAAA298BEA5A00FFE1A7 /* Release */ = {
			isa = XCBuildConfiguration;
			buildSettings = {
				ALWAYS_EMBED_SWIFT_STANDARD_LIBRARIES = YES;
				CODE_SIGN_STYLE = Automatic;
				CURRENT_PROJECT_VERSION = 1;
				DEVELOPMENT_TEAM = NB63UZX4SA;
				GENERATE_INFOPLIST_FILE = YES;
				MARKETING_VERSION = 1.0;
				PRODUCT_BUNDLE_IDENTIFIER = com.flickr.FlickrUITests;
				PRODUCT_NAME = "$(TARGET_NAME)";
				SWIFT_EMIT_LOC_STRINGS = NO;
				SWIFT_VERSION = 5.0;
				TARGETED_DEVICE_FAMILY = "1,2";
				TEST_TARGET_NAME = Flickr;
			};
			name = Release;
		};
/* End XCBuildConfiguration section */

/* Begin XCConfigurationList section */
		E1DAAA79298BEA5900FFE1A7 /* Build configuration list for PBXProject "Flickr" */ = {
			isa = XCConfigurationList;
			buildConfigurations = (
				E1DAAAA0298BEA5A00FFE1A7 /* Debug */,
				E1DAAAA1298BEA5A00FFE1A7 /* Release */,
			);
			defaultConfigurationIsVisible = 0;
			defaultConfigurationName = Release;
		};
		E1DAAAA2298BEA5A00FFE1A7 /* Build configuration list for PBXNativeTarget "Flickr" */ = {
			isa = XCConfigurationList;
			buildConfigurations = (
				E1DAAAA3298BEA5A00FFE1A7 /* Debug */,
				E1DAAAA4298BEA5A00FFE1A7 /* Release */,
			);
			defaultConfigurationIsVisible = 0;
			defaultConfigurationName = Release;
		};
		E1DAAAA5298BEA5A00FFE1A7 /* Build configuration list for PBXNativeTarget "FlickrTests" */ = {
			isa = XCConfigurationList;
			buildConfigurations = (
				E1DAAAA6298BEA5A00FFE1A7 /* Debug */,
				E1DAAAA7298BEA5A00FFE1A7 /* Release */,
			);
			defaultConfigurationIsVisible = 0;
			defaultConfigurationName = Release;
		};
		E1DAAAA8298BEA5A00FFE1A7 /* Build configuration list for PBXNativeTarget "FlickrUITests" */ = {
			isa = XCConfigurationList;
			buildConfigurations = (
				E1DAAAA9298BEA5A00FFE1A7 /* Debug */,
				E1DAAAAA298BEA5A00FFE1A7 /* Release */,
			);
			defaultConfigurationIsVisible = 0;
			defaultConfigurationName = Release;
		};
/* End XCConfigurationList section */
	};
	rootObject = E1DAAA76298BEA5900FFE1A7 /* Project object */;
}
